
Microsoft Visual Studio Solution File, Format Version 12.00
# Visual Studio Version 16
VisualStudioVersion = 16.0.31410.357
MinimumVisualStudioVersion = 10.0.40219.1
Project("{FAE04EC0-301F-11D3-BF4B-00C04F79EFBC}") = "calculate_salary", "calculate_salary\calculate_salary.csproj", "{834D0E8A-6F02-455C-BAC6-7A89D8CF6674}"
EndProject
Global
	GlobalSection(SolutionConfigurationPlatforms) = preSolution
		Debug|Any CPU = Debug|Any CPU
		Release|Any CPU = Release|Any CPU
	EndGlobalSection
	GlobalSection(ProjectConfigurationPlatforms) = postSolution
		{834D0E8A-6F02-455C-BAC6-7A89D8CF6674}.Debug|Any CPU.ActiveCfg = Debug|Any CPU
		{834D0E8A-6F02-455C-BAC6-7A89D8CF6674}.Debug|Any CPU.Build.0 = Debug|Any CPU
		{834D0E8A-6F02-455C-BAC6-7A89D8CF6674}.Release|Any CPU.ActiveCfg = Release|Any CPU
		{834D0E8A-6F02-455C-BAC6-7A89D8CF6674}.Release|Any CPU.Build.0 = Release|Any CPU
	EndGlobalSection
	GlobalSection(SolutionProperties) = preSolution
		HideSolutionNode = FALSE
	EndGlobalSection
	GlobalSection(ExtensibilityGlobals) = postSolution
		SolutionGuid = {7FAFA4FE-5FDF-4E43-9281-DC454E085BD2}
	EndGlobalSection
EndGlobal
